
Microsoft Visual Studio Solution File, Format Version 12.00
# Visual Studio Version 17
VisualStudioVersion = 17.12.35521.163 d17.12
MinimumVisualStudioVersion = 10.0.40219.1
Project("{FAE04EC0-301F-11D3-BF4B-00C04F79EFBC}") = "Homework_lecture8", "Homework_lecture8.csproj", "{4BC74E11-18CE-432F-97F7-688F69E757EC}"
EndProject
Global
	GlobalSection(SolutionConfigurationPlatforms) = preSolution
		Debug|Any CPU = Debug|Any CPU
		Release|Any CPU = Release|Any CPU
	EndGlobalSection
	GlobalSection(ProjectConfigurationPlatforms) = postSolution
		{4BC74E11-18CE-432F-97F7-688F69E757EC}.Debug|Any CPU.ActiveCfg = Debug|Any CPU
		{4BC74E11-18CE-432F-97F7-688F69E757EC}.Debug|Any CPU.Build.0 = Debug|Any CPU
		{4BC74E11-18CE-432F-97F7-688F69E757EC}.Release|Any CPU.ActiveCfg = Release|Any CPU
		{4BC74E11-18CE-432F-97F7-688F69E757EC}.Release|Any CPU.Build.0 = Release|Any CPU
	EndGlobalSection
	GlobalSection(SolutionProperties) = preSolution
		HideSolutionNode = FALSE
	EndGlobalSection
EndGlobal
